
Microsoft Visual Studio Solution File, Format Version 12.00
# Visual Studio Version 17
VisualStudioVersion = 17.14.37111.16 d17.14
MinimumVisualStudioVersion = 10.0.40219.1
Project("{FAE04EC0-301F-11D3-BF4B-00C04F79EFBC}") = "Lab1", "System-design-labs\Lab1.csproj", "{3AE7F384-8C7C-48EE-B084-C184730E237B}"
EndProject
Global
	GlobalSection(SolutionConfigurationPlatforms) = preSolution
		Debug|Any CPU = Debug|Any CPU
		Release|Any CPU = Release|Any CPU
	EndGlobalSection
	GlobalSection(ProjectConfigurationPlatforms) = postSolution
		{3AE7F384-8C7C-48EE-B084-C184730E237B}.Debug|Any CPU.ActiveCfg = Debug|Any CPU
		{3AE7F384-8C7C-48EE-B084-C184730E237B}.Debug|Any CPU.Build.0 = Debug|Any CPU
		{3AE7F384-8C7C-48EE-B084-C184730E237B}.Release|Any CPU.ActiveCfg = Release|Any CPU
		{3AE7F384-8C7C-48EE-B084-C184730E237B}.Release|Any CPU.Build.0 = Release|Any CPU
	EndGlobalSection
	GlobalSection(SolutionProperties) = preSolution
		HideSolutionNode = FALSE
	EndGlobalSection
	GlobalSection(ExtensibilityGlobals) = postSolution
		SolutionGuid = {D81383A0-971E-406F-BD32-5846AE637784}
	EndGlobalSection
EndGlobal
